# THIS IS AN AUTOGENERATED FILE. DO NOT EDIT THIS FILE DIRECTLY.
# yarn lockfile v1


assemblyscript@^0.21.6:
  version "0.21.6"
  resolved "https://registry.yarnpkg.com/assemblyscript/-/assemblyscript-0.21.6.tgz#c6d8b6787650b54a335b94e1f22b32098e0b2473"
  integrity sha512-iTfLFmC8q1OTWrRT0dyZdQFFxv317LeCq6vkk8U7k6duyHn4zrUntYJyEiyvCcFJELTACGvM0iEjiLDwE66mdw==
  dependencies:
    binaryen "110.0.0-nightly.20221006"
    long "^5.2.0"

binaryen@110.0.0-nightly.20221006:
  version "110.0.0-nightly.20221006"
  resolved "https://registry.yarnpkg.com/binaryen/-/binaryen-110.0.0-nightly.20221006.tgz#c621d1ead620196e4b18e4ef3664b1ee807af7d0"
  integrity sha512-yC7ZLoaZmXhm5cB0+g3rZkz5ujPSlhX+FEQtgaQHVxcL78D8cTXdRSdajhgQD345BVPsooOrSxqhX6tnULgBWg==

long@^5.2.0:
  version "5.2.0"
  resolved "https://registry.yarnpkg.com/long/-/long-5.2.0.tgz#2696dadf4b4da2ce3f6f6b89186085d94d52fd61"
  integrity sha512-9RTUNjK60eJbx3uz+TEGF7fUr29ZDxR5QzXcyDpeSfeH28S9ycINflOgOlppit5U+4kNTe83KQnMEerw7GmE8w==
